{
  "name": "test-data",
  "version": "1.0.0",
  "lockfileVersion": 2,
  "requires": true,
  "packages": {
    "": {
      "name": "test-data",
      "version": "1.0.0",
      "license": "ISC",
      "dependencies": {
        "@apexlang/core": "^0.0.26"
      }
    },
    "node_modules/@apexlang/core": {
      "version": "0.0.26",
      "resolved": "https://registry.npmjs.org/@apexlang/core/-/core-0.0.26.tgz",
      "integrity": "sha512-QhS8BxKTZ49iwTixAWNNwdej/0Novt1bte6jRIQecRH9sJU+ZhDuthTItV6CWiX1VnG9biLTCNglv4eoUTafGQ==",
      "engines": {
        "node": ">=14.0"
      }
    }
  },
  "dependencies": {
    "@apexlang/core": {
      "version": "0.0.26",
      "resolved": "https://registry.npmjs.org/@apexlang/core/-/core-0.0.26.tgz",
      "integrity": "sha512-QhS8BxKTZ49iwTixAWNNwdej/0Novt1bte6jRIQecRH9sJU+ZhDuthTItV6CWiX1VnG9biLTCNglv4eoUTafGQ=="
    }
  }
}
